
Microsoft Visual Studio Solution File, Format Version 12.00
# Visual Studio Version 16
VisualStudioVersion = 16.0.31515.178
MinimumVisualStudioVersion = 10.0.40219.1
Project("{FAE04EC0-301F-11D3-BF4B-00C04F79EFBC}") = "HangFireDemo", "HangFireDemo\HangFireDemo.csproj", "{7D5F1B8C-891D-459C-895F-980A2FC145AB}"
EndProject
Global
	GlobalSection(SolutionConfigurationPlatforms) = preSolution
		Debug|Any CPU = Debug|Any CPU
		Release|Any CPU = Release|Any CPU
	EndGlobalSection
	GlobalSection(ProjectConfigurationPlatforms) = postSolution
		{7D5F1B8C-891D-459C-895F-980A2FC145AB}.Debug|Any CPU.ActiveCfg = Debug|Any CPU
		{7D5F1B8C-891D-459C-895F-980A2FC145AB}.Debug|Any CPU.Build.0 = Debug|Any CPU
		{7D5F1B8C-891D-459C-895F-980A2FC145AB}.Release|Any CPU.ActiveCfg = Release|Any CPU
		{7D5F1B8C-891D-459C-895F-980A2FC145AB}.Release|Any CPU.Build.0 = Release|Any CPU
	EndGlobalSection
	GlobalSection(SolutionProperties) = preSolution
		HideSolutionNode = FALSE
	EndGlobalSection
	GlobalSection(ExtensibilityGlobals) = postSolution
		SolutionGuid = {8B9D9D87-52A3-49C6-B046-F636832B692F}
	EndGlobalSection
EndGlobal
